
Microsoft Visual Studio Solution File, Format Version 12.00
# Visual Studio 15
VisualStudioVersion = 15.0.27703.2000
MinimumVisualStudioVersion = 10.0.40219.1
Project("{FAE04EC0-301F-11D3-BF4B-00C04F79EFBC}") = "PDFCmd", "PDFCmd\PDFCmd.csproj", "{983805D9-498E-485D-8099-5243912F7005}"
EndProject
Global
	GlobalSection(SolutionConfigurationPlatforms) = preSolution
		Debug|Any CPU = Debug|Any CPU
		Release|Any CPU = Release|Any CPU
	EndGlobalSection
	GlobalSection(ProjectConfigurationPlatforms) = postSolution
		{983805D9-498E-485D-8099-5243912F7005}.Debug|Any CPU.ActiveCfg = Debug|Any CPU
		{983805D9-498E-485D-8099-5243912F7005}.Debug|Any CPU.Build.0 = Debug|Any CPU
		{983805D9-498E-485D-8099-5243912F7005}.Release|Any CPU.ActiveCfg = Release|Any CPU
		{983805D9-498E-485D-8099-5243912F7005}.Release|Any CPU.Build.0 = Release|Any CPU
	EndGlobalSection
	GlobalSection(SolutionProperties) = preSolution
		HideSolutionNode = FALSE
	EndGlobalSection
	GlobalSection(ExtensibilityGlobals) = postSolution
		SolutionGuid = {3536523D-A6C2-403D-9B94-B1DCD74BC493}
	EndGlobalSection
EndGlobal
